
Microsoft Visual Studio Solution File, Format Version 12.00
# Visual Studio Version 17
VisualStudioVersion = 17.10.35013.160
MinimumVisualStudioVersion = 10.0.40219.1
Project("{FAE04EC0-301F-11D3-BF4B-00C04F79EFBC}") = "fff", "fff\fff.csproj", "{AAD06961-C777-438A-972B-6B75CAAC823A}"
EndProject
Global
	GlobalSection(SolutionConfigurationPlatforms) = preSolution
		Debug|Any CPU = Debug|Any CPU
		Release|Any CPU = Release|Any CPU
	EndGlobalSection
	GlobalSection(ProjectConfigurationPlatforms) = postSolution
		{AAD06961-C777-438A-972B-6B75CAAC823A}.Debug|Any CPU.ActiveCfg = Debug|Any CPU
		{AAD06961-C777-438A-972B-6B75CAAC823A}.Debug|Any CPU.Build.0 = Debug|Any CPU
		{AAD06961-C777-438A-972B-6B75CAAC823A}.Release|Any CPU.ActiveCfg = Release|Any CPU
		{AAD06961-C777-438A-972B-6B75CAAC823A}.Release|Any CPU.Build.0 = Release|Any CPU
	EndGlobalSection
	GlobalSection(SolutionProperties) = preSolution
		HideSolutionNode = FALSE
	EndGlobalSection
	GlobalSection(ExtensibilityGlobals) = postSolution
		SolutionGuid = {250C7DAE-D3FE-4A9B-963D-A8E712B8131A}
	EndGlobalSection
EndGlobal
